
Microsoft Visual Studio Solution File, Format Version 12.00
# Visual Studio Version 17
VisualStudioVersion = 17.14.36705.20 d17.14
MinimumVisualStudioVersion = 10.0.40219.1
Project("{FAE04EC0-301F-11D3-BF4B-00C04F79EFBC}") = "MeuSiteEmMVC", "MeuSiteEmMVC\MeuSiteEmMVC.csproj", "{D2DA4DCC-8DC2-4B2C-90D4-631644BF4D01}"
EndProject
Project("{FAE04EC0-301F-11D3-BF4B-00C04F79EFBC}") = "ControleDeContatos", "ControleDeContatos\ControleDeContatos.csproj", "{871D3EDA-5AC1-4637-A1D9-FE840A2A4FF4}"
EndProject
Global
	GlobalSection(SolutionConfigurationPlatforms) = preSolution
		Debug|Any CPU = Debug|Any CPU
		Release|Any CPU = Release|Any CPU
	EndGlobalSection
	GlobalSection(ProjectConfigurationPlatforms) = postSolution
		{D2DA4DCC-8DC2-4B2C-90D4-631644BF4D01}.Debug|Any CPU.ActiveCfg = Debug|Any CPU
		{D2DA4DCC-8DC2-4B2C-90D4-631644BF4D01}.Debug|Any CPU.Build.0 = Debug|Any CPU
		{D2DA4DCC-8DC2-4B2C-90D4-631644BF4D01}.Release|Any CPU.ActiveCfg = Release|Any CPU
		{D2DA4DCC-8DC2-4B2C-90D4-631644BF4D01}.Release|Any CPU.Build.0 = Release|Any CPU
		{871D3EDA-5AC1-4637-A1D9-FE840A2A4FF4}.Debug|Any CPU.ActiveCfg = Debug|Any CPU
		{871D3EDA-5AC1-4637-A1D9-FE840A2A4FF4}.Debug|Any CPU.Build.0 = Debug|Any CPU
		{871D3EDA-5AC1-4637-A1D9-FE840A2A4FF4}.Release|Any CPU.ActiveCfg = Release|Any CPU
		{871D3EDA-5AC1-4637-A1D9-FE840A2A4FF4}.Release|Any CPU.Build.0 = Release|Any CPU
	EndGlobalSection
	GlobalSection(SolutionProperties) = preSolution
		HideSolutionNode = FALSE
	EndGlobalSection
	GlobalSection(ExtensibilityGlobals) = postSolution
		SolutionGuid = {63FD51DA-DDFF-4794-BF58-FB6E48695F0E}
	EndGlobalSection
EndGlobal
